
Microsoft Visual Studio Solution File, Format Version 12.00
# Visual Studio Version 17
VisualStudioVersion = 17.1.32414.318
MinimumVisualStudioVersion = 10.0.40219.1
Project("{FAE04EC0-301F-11D3-BF4B-00C04F79EFBC}") = "Clase7", "Clase7\Clase7.csproj", "{E4E850B0-BEEE-4424-B73A-0D22EC711A2D}"
EndProject
Global
	GlobalSection(SolutionConfigurationPlatforms) = preSolution
		Debug|Any CPU = Debug|Any CPU
		Release|Any CPU = Release|Any CPU
	EndGlobalSection
	GlobalSection(ProjectConfigurationPlatforms) = postSolution
		{E4E850B0-BEEE-4424-B73A-0D22EC711A2D}.Debug|Any CPU.ActiveCfg = Debug|Any CPU
		{E4E850B0-BEEE-4424-B73A-0D22EC711A2D}.Debug|Any CPU.Build.0 = Debug|Any CPU
		{E4E850B0-BEEE-4424-B73A-0D22EC711A2D}.Release|Any CPU.ActiveCfg = Release|Any CPU
		{E4E850B0-BEEE-4424-B73A-0D22EC711A2D}.Release|Any CPU.Build.0 = Release|Any CPU
	EndGlobalSection
	GlobalSection(SolutionProperties) = preSolution
		HideSolutionNode = FALSE
	EndGlobalSection
	GlobalSection(ExtensibilityGlobals) = postSolution
		SolutionGuid = {24FA9936-3513-44B8-ABB8-E54EF9E5A3AC}
	EndGlobalSection
EndGlobal
