
Microsoft Visual Studio Solution File, Format Version 12.00
# Visual Studio Version 17
VisualStudioVersion = 17.1.32414.318
MinimumVisualStudioVersion = 10.0.40219.1
Project("{FAE04EC0-301F-11D3-BF4B-00C04F79EFBC}") = "Tarea7-Billetera", "Tarea7-Billetera\Tarea7-Billetera.csproj", "{AAE4493D-706D-4CC8-B6FB-13A0AC096EF5}"
EndProject
Global
	GlobalSection(SolutionConfigurationPlatforms) = preSolution
		Debug|Any CPU = Debug|Any CPU
		Release|Any CPU = Release|Any CPU
	EndGlobalSection
	GlobalSection(ProjectConfigurationPlatforms) = postSolution
		{AAE4493D-706D-4CC8-B6FB-13A0AC096EF5}.Debug|Any CPU.ActiveCfg = Debug|Any CPU
		{AAE4493D-706D-4CC8-B6FB-13A0AC096EF5}.Debug|Any CPU.Build.0 = Debug|Any CPU
		{AAE4493D-706D-4CC8-B6FB-13A0AC096EF5}.Release|Any CPU.ActiveCfg = Release|Any CPU
		{AAE4493D-706D-4CC8-B6FB-13A0AC096EF5}.Release|Any CPU.Build.0 = Release|Any CPU
	EndGlobalSection
	GlobalSection(SolutionProperties) = preSolution
		HideSolutionNode = FALSE
	EndGlobalSection
	GlobalSection(ExtensibilityGlobals) = postSolution
		SolutionGuid = {CB560BA5-1447-472C-84A3-EEF983C2998D}
	EndGlobalSection
EndGlobal
