
Microsoft Visual Studio Solution File, Format Version 12.00
# Visual Studio Version 17
VisualStudioVersion = 17.1.32414.318
MinimumVisualStudioVersion = 10.0.40219.1
Project("{FAE04EC0-301F-11D3-BF4B-00C04F79EFBC}") = "Clase11", "Clase11\Clase11.csproj", "{5FE65CA3-6CD8-41E4-9322-A48BC6A411FE}"
EndProject
Global
	GlobalSection(SolutionConfigurationPlatforms) = preSolution
		Debug|Any CPU = Debug|Any CPU
		Release|Any CPU = Release|Any CPU
	EndGlobalSection
	GlobalSection(ProjectConfigurationPlatforms) = postSolution
		{5FE65CA3-6CD8-41E4-9322-A48BC6A411FE}.Debug|Any CPU.ActiveCfg = Debug|Any CPU
		{5FE65CA3-6CD8-41E4-9322-A48BC6A411FE}.Debug|Any CPU.Build.0 = Debug|Any CPU
		{5FE65CA3-6CD8-41E4-9322-A48BC6A411FE}.Release|Any CPU.ActiveCfg = Release|Any CPU
		{5FE65CA3-6CD8-41E4-9322-A48BC6A411FE}.Release|Any CPU.Build.0 = Release|Any CPU
	EndGlobalSection
	GlobalSection(SolutionProperties) = preSolution
		HideSolutionNode = FALSE
	EndGlobalSection
	GlobalSection(ExtensibilityGlobals) = postSolution
		SolutionGuid = {01FC877A-D19A-4F7A-A4A9-999474190345}
	EndGlobalSection
EndGlobal
