
Microsoft Visual Studio Solution File, Format Version 12.00
# Visual Studio Version 17
VisualStudioVersion = 17.1.32414.318
MinimumVisualStudioVersion = 10.0.40219.1
Project("{FAE04EC0-301F-11D3-BF4B-00C04F79EFBC}") = "Clase13Parte2", "Clase13Parte2\Clase13Parte2.csproj", "{C7928870-EB2A-40BB-B106-58C13D3F054D}"
EndProject
Global
	GlobalSection(SolutionConfigurationPlatforms) = preSolution
		Debug|Any CPU = Debug|Any CPU
		Release|Any CPU = Release|Any CPU
	EndGlobalSection
	GlobalSection(ProjectConfigurationPlatforms) = postSolution
		{C7928870-EB2A-40BB-B106-58C13D3F054D}.Debug|Any CPU.ActiveCfg = Debug|Any CPU
		{C7928870-EB2A-40BB-B106-58C13D3F054D}.Debug|Any CPU.Build.0 = Debug|Any CPU
		{C7928870-EB2A-40BB-B106-58C13D3F054D}.Release|Any CPU.ActiveCfg = Release|Any CPU
		{C7928870-EB2A-40BB-B106-58C13D3F054D}.Release|Any CPU.Build.0 = Release|Any CPU
	EndGlobalSection
	GlobalSection(SolutionProperties) = preSolution
		HideSolutionNode = FALSE
	EndGlobalSection
	GlobalSection(ExtensibilityGlobals) = postSolution
		SolutionGuid = {76B02098-BF4F-4E03-8727-A6D9F4507C79}
	EndGlobalSection
EndGlobal
