
Microsoft Visual Studio Solution File, Format Version 12.00
# Visual Studio Version 17
VisualStudioVersion = 17.1.32414.318
MinimumVisualStudioVersion = 10.0.40219.1
Project("{FAE04EC0-301F-11D3-BF4B-00C04F79EFBC}") = "Clase14Parte2", "Clase14Parte2\Clase14Parte2.csproj", "{E8568BB4-5183-4884-B13E-308796BDA01B}"
EndProject
Global
	GlobalSection(SolutionConfigurationPlatforms) = preSolution
		Debug|Any CPU = Debug|Any CPU
		Release|Any CPU = Release|Any CPU
	EndGlobalSection
	GlobalSection(ProjectConfigurationPlatforms) = postSolution
		{E8568BB4-5183-4884-B13E-308796BDA01B}.Debug|Any CPU.ActiveCfg = Debug|Any CPU
		{E8568BB4-5183-4884-B13E-308796BDA01B}.Debug|Any CPU.Build.0 = Debug|Any CPU
		{E8568BB4-5183-4884-B13E-308796BDA01B}.Release|Any CPU.ActiveCfg = Release|Any CPU
		{E8568BB4-5183-4884-B13E-308796BDA01B}.Release|Any CPU.Build.0 = Release|Any CPU
	EndGlobalSection
	GlobalSection(SolutionProperties) = preSolution
		HideSolutionNode = FALSE
	EndGlobalSection
	GlobalSection(ExtensibilityGlobals) = postSolution
		SolutionGuid = {87BA370E-8B03-4BE6-8569-1AB9FB17F2F6}
	EndGlobalSection
EndGlobal
