
Microsoft Visual Studio Solution File, Format Version 12.00
# Visual Studio Version 17
VisualStudioVersion = 17.1.32414.318
MinimumVisualStudioVersion = 10.0.40219.1
Project("{FAE04EC0-301F-11D3-BF4B-00C04F79EFBC}") = "Clase12", "Clase12\Clase12.csproj", "{C9AC24DB-CE22-49CF-A31B-F173AEC15290}"
EndProject
Global
	GlobalSection(SolutionConfigurationPlatforms) = preSolution
		Debug|Any CPU = Debug|Any CPU
		Release|Any CPU = Release|Any CPU
	EndGlobalSection
	GlobalSection(ProjectConfigurationPlatforms) = postSolution
		{C9AC24DB-CE22-49CF-A31B-F173AEC15290}.Debug|Any CPU.ActiveCfg = Debug|Any CPU
		{C9AC24DB-CE22-49CF-A31B-F173AEC15290}.Debug|Any CPU.Build.0 = Debug|Any CPU
		{C9AC24DB-CE22-49CF-A31B-F173AEC15290}.Release|Any CPU.ActiveCfg = Release|Any CPU
		{C9AC24DB-CE22-49CF-A31B-F173AEC15290}.Release|Any CPU.Build.0 = Release|Any CPU
	EndGlobalSection
	GlobalSection(SolutionProperties) = preSolution
		HideSolutionNode = FALSE
	EndGlobalSection
	GlobalSection(ExtensibilityGlobals) = postSolution
		SolutionGuid = {1DFE60DC-D41D-4CAB-A52C-4DB85FC5EE89}
	EndGlobalSection
EndGlobal
