
Microsoft Visual Studio Solution File, Format Version 12.00
# Visual Studio Version 17
VisualStudioVersion = 17.1.32414.318
MinimumVisualStudioVersion = 10.0.40219.1
Project("{FAE04EC0-301F-11D3-BF4B-00C04F79EFBC}") = "Clase9", "Clase9\Clase9.csproj", "{B38A6F52-5536-4AB1-AB5D-A573D8B8939B}"
EndProject
Global
	GlobalSection(SolutionConfigurationPlatforms) = preSolution
		Debug|Any CPU = Debug|Any CPU
		Release|Any CPU = Release|Any CPU
	EndGlobalSection
	GlobalSection(ProjectConfigurationPlatforms) = postSolution
		{B38A6F52-5536-4AB1-AB5D-A573D8B8939B}.Debug|Any CPU.ActiveCfg = Debug|Any CPU
		{B38A6F52-5536-4AB1-AB5D-A573D8B8939B}.Debug|Any CPU.Build.0 = Debug|Any CPU
		{B38A6F52-5536-4AB1-AB5D-A573D8B8939B}.Release|Any CPU.ActiveCfg = Release|Any CPU
		{B38A6F52-5536-4AB1-AB5D-A573D8B8939B}.Release|Any CPU.Build.0 = Release|Any CPU
	EndGlobalSection
	GlobalSection(SolutionProperties) = preSolution
		HideSolutionNode = FALSE
	EndGlobalSection
	GlobalSection(ExtensibilityGlobals) = postSolution
		SolutionGuid = {D50AFCC6-AB3B-4CC4-901F-37E8D00E2919}
	EndGlobalSection
EndGlobal
