
Microsoft Visual Studio Solution File, Format Version 12.00
# Visual Studio Version 17
VisualStudioVersion = 17.1.32414.318
MinimumVisualStudioVersion = 10.0.40219.1
Project("{FAE04EC0-301F-11D3-BF4B-00C04F79EFBC}") = "Clase17y18", "Clase17y18\Clase17y18.csproj", "{F15BA563-6FF0-4A9F-AC29-6EE90F278E0B}"
EndProject
Global
	GlobalSection(SolutionConfigurationPlatforms) = preSolution
		Debug|Any CPU = Debug|Any CPU
		Release|Any CPU = Release|Any CPU
	EndGlobalSection
	GlobalSection(ProjectConfigurationPlatforms) = postSolution
		{F15BA563-6FF0-4A9F-AC29-6EE90F278E0B}.Debug|Any CPU.ActiveCfg = Debug|Any CPU
		{F15BA563-6FF0-4A9F-AC29-6EE90F278E0B}.Debug|Any CPU.Build.0 = Debug|Any CPU
		{F15BA563-6FF0-4A9F-AC29-6EE90F278E0B}.Release|Any CPU.ActiveCfg = Release|Any CPU
		{F15BA563-6FF0-4A9F-AC29-6EE90F278E0B}.Release|Any CPU.Build.0 = Release|Any CPU
	EndGlobalSection
	GlobalSection(SolutionProperties) = preSolution
		HideSolutionNode = FALSE
	EndGlobalSection
	GlobalSection(ExtensibilityGlobals) = postSolution
		SolutionGuid = {AD86146D-80CD-43AE-8E09-D7BEB92137C7}
	EndGlobalSection
EndGlobal
