
Microsoft Visual Studio Solution File, Format Version 12.00
# Visual Studio Version 17
VisualStudioVersion = 17.1.32414.318
MinimumVisualStudioVersion = 10.0.40219.1
Project("{FAE04EC0-301F-11D3-BF4B-00C04F79EFBC}") = "Clase18", "Clase18\Clase18.csproj", "{88D8B8FB-ADDF-414B-9B0A-BDC2E7B87C43}"
EndProject
Global
	GlobalSection(SolutionConfigurationPlatforms) = preSolution
		Debug|Any CPU = Debug|Any CPU
		Release|Any CPU = Release|Any CPU
	EndGlobalSection
	GlobalSection(ProjectConfigurationPlatforms) = postSolution
		{88D8B8FB-ADDF-414B-9B0A-BDC2E7B87C43}.Debug|Any CPU.ActiveCfg = Debug|Any CPU
		{88D8B8FB-ADDF-414B-9B0A-BDC2E7B87C43}.Debug|Any CPU.Build.0 = Debug|Any CPU
		{88D8B8FB-ADDF-414B-9B0A-BDC2E7B87C43}.Release|Any CPU.ActiveCfg = Release|Any CPU
		{88D8B8FB-ADDF-414B-9B0A-BDC2E7B87C43}.Release|Any CPU.Build.0 = Release|Any CPU
	EndGlobalSection
	GlobalSection(SolutionProperties) = preSolution
		HideSolutionNode = FALSE
	EndGlobalSection
	GlobalSection(ExtensibilityGlobals) = postSolution
		SolutionGuid = {8ADEDB3C-9361-4153-980F-028CC1F198EB}
	EndGlobalSection
EndGlobal
